
Microsoft Visual Studio Solution File, Format Version 12.00
# Visual Studio 15
VisualStudioVersion = 15.0.28307.271
MinimumVisualStudioVersion = 10.0.40219.1
Project("{FAE04EC0-301F-11D3-BF4B-00C04F79EFBC}") = "DutchTreat", "DutchTreat\DutchTreat.csproj", "{EE353997-DDBF-4469-8AAA-F93C085C5099}"
EndProject
Global
	GlobalSection(SolutionConfigurationPlatforms) = preSolution
		Debug|Any CPU = Debug|Any CPU
		Release|Any CPU = Release|Any CPU
	EndGlobalSection
	GlobalSection(ProjectConfigurationPlatforms) = postSolution
		{EE353997-DDBF-4469-8AAA-F93C085C5099}.Debug|Any CPU.ActiveCfg = Debug|Any CPU
		{EE353997-DDBF-4469-8AAA-F93C085C5099}.Debug|Any CPU.Build.0 = Debug|Any CPU
		{EE353997-DDBF-4469-8AAA-F93C085C5099}.Release|Any CPU.ActiveCfg = Release|Any CPU
		{EE353997-DDBF-4469-8AAA-F93C085C5099}.Release|Any CPU.Build.0 = Release|Any CPU
	EndGlobalSection
	GlobalSection(SolutionProperties) = preSolution
		HideSolutionNode = FALSE
	EndGlobalSection
	GlobalSection(ExtensibilityGlobals) = postSolution
		SolutionGuid = {5403CB28-1CE0-4876-A30B-0C1D478E3221}
	EndGlobalSection
EndGlobal
